
Microsoft Visual Studio Solution File, Format Version 12.00
# Visual Studio Version 17
VisualStudioVersion = 17.7.34221.43
MinimumVisualStudioVersion = 10.0.40219.1
Project("{FAE04EC0-301F-11D3-BF4B-00C04F79EFBC}") = "SanalMetod", "SanalMetod\SanalMetod.csproj", "{7ACED68B-3872-4934-807D-1405651B6048}"
EndProject
Global
	GlobalSection(SolutionConfigurationPlatforms) = preSolution
		Debug|Any CPU = Debug|Any CPU
		Release|Any CPU = Release|Any CPU
	EndGlobalSection
	GlobalSection(ProjectConfigurationPlatforms) = postSolution
		{7ACED68B-3872-4934-807D-1405651B6048}.Debug|Any CPU.ActiveCfg = Debug|Any CPU
		{7ACED68B-3872-4934-807D-1405651B6048}.Debug|Any CPU.Build.0 = Debug|Any CPU
		{7ACED68B-3872-4934-807D-1405651B6048}.Release|Any CPU.ActiveCfg = Release|Any CPU
		{7ACED68B-3872-4934-807D-1405651B6048}.Release|Any CPU.Build.0 = Release|Any CPU
	EndGlobalSection
	GlobalSection(SolutionProperties) = preSolution
		HideSolutionNode = FALSE
	EndGlobalSection
	GlobalSection(ExtensibilityGlobals) = postSolution
		SolutionGuid = {8F019983-1B28-432E-B638-0E20724B718E}
	EndGlobalSection
EndGlobal
